
Microsoft Visual Studio Solution File, Format Version 12.00
# Visual Studio Version 16
VisualStudioVersion = 16.0.31112.23
MinimumVisualStudioVersion = 10.0.40219.1
Project("{FAE04EC0-301F-11D3-BF4B-00C04F79EFBC}") = "GraphicsEditorUI", "GraphicsEditorUI\GraphicsEditorUI.csproj", "{05B3E1F8-F667-4B03-A1FD-7753F7BD9548}"
EndProject
Global
	GlobalSection(SolutionConfigurationPlatforms) = preSolution
		Debug|Any CPU = Debug|Any CPU
		Release|Any CPU = Release|Any CPU
	EndGlobalSection
	GlobalSection(ProjectConfigurationPlatforms) = postSolution
		{05B3E1F8-F667-4B03-A1FD-7753F7BD9548}.Debug|Any CPU.ActiveCfg = Debug|Any CPU
		{05B3E1F8-F667-4B03-A1FD-7753F7BD9548}.Debug|Any CPU.Build.0 = Debug|Any CPU
		{05B3E1F8-F667-4B03-A1FD-7753F7BD9548}.Release|Any CPU.ActiveCfg = Release|Any CPU
		{05B3E1F8-F667-4B03-A1FD-7753F7BD9548}.Release|Any CPU.Build.0 = Release|Any CPU
	EndGlobalSection
	GlobalSection(SolutionProperties) = preSolution
		HideSolutionNode = FALSE
	EndGlobalSection
	GlobalSection(ExtensibilityGlobals) = postSolution
		SolutionGuid = {44237262-2AAB-4E60-8729-AD30A828044B}
	EndGlobalSection
EndGlobal
